
Microsoft Visual Studio Solution File, Format Version 12.00
# Visual Studio 15
VisualStudioVersion = 15.0.28010.2036
MinimumVisualStudioVersion = 10.0.40219.1
Project("{9A19103F-16F7-4668-BE54-9A1E7A4F7556}") = "LibraryManagement", "LibraryManagement\LibraryManagement.csproj", "{9C374B53-AA84-4692-A754-19F36AB3109C}"
EndProject
Global
	GlobalSection(SolutionConfigurationPlatforms) = preSolution
		Debug|Any CPU = Debug|Any CPU
		Release|Any CPU = Release|Any CPU
	EndGlobalSection
	GlobalSection(ProjectConfigurationPlatforms) = postSolution
		{9C374B53-AA84-4692-A754-19F36AB3109C}.Debug|Any CPU.ActiveCfg = Debug|Any CPU
		{9C374B53-AA84-4692-A754-19F36AB3109C}.Debug|Any CPU.Build.0 = Debug|Any CPU
		{9C374B53-AA84-4692-A754-19F36AB3109C}.Release|Any CPU.ActiveCfg = Release|Any CPU
		{9C374B53-AA84-4692-A754-19F36AB3109C}.Release|Any CPU.Build.0 = Release|Any CPU
	EndGlobalSection
	GlobalSection(SolutionProperties) = preSolution
		HideSolutionNode = FALSE
	EndGlobalSection
	GlobalSection(ExtensibilityGlobals) = postSolution
		SolutionGuid = {7E6FBC18-35EF-471E-8F03-25E78ABC34CC}
	EndGlobalSection
EndGlobal
